
Microsoft Visual Studio Solution File, Format Version 12.00
# Visual Studio Version 17
VisualStudioVersion = 17.14.36414.22
MinimumVisualStudioVersion = 10.0.40219.1
Project("{FAE04EC0-301F-11D3-BF4B-00C04F79EFBC}") = "GitHubMonitor.API", "GitHubMonitor.API\GitHubMonitor.API.csproj", "{625A566B-1E03-4DFD-B970-084411F39986}"
EndProject
Project("{2150E333-8FDC-42A3-9474-1A3956D46DE8}") = "DOMAIN", "DOMAIN", "{02EA681E-C7D8-13C7-8484-4AC65E1B71E8}"
EndProject
Project("{2150E333-8FDC-42A3-9474-1A3956D46DE8}") = "APPLICATION", "APPLICATION", "{2FD731FA-E871-4213-B23A-6CE5FDD417E1}"
EndProject
Project("{2150E333-8FDC-42A3-9474-1A3956D46DE8}") = "INFRASTRUCTURE", "INFRASTRUCTURE", "{84B7DE80-85F1-476A-8677-4CE9AE77036F}"
EndProject
Project("{2150E333-8FDC-42A3-9474-1A3956D46DE8}") = "TESTS", "TESTS", "{97058706-6D37-48A7-9C2B-EDC954F3570D}"
EndProject
Global
	GlobalSection(SolutionConfigurationPlatforms) = preSolution
		Debug|Any CPU = Debug|Any CPU
		Release|Any CPU = Release|Any CPU
	EndGlobalSection
	GlobalSection(ProjectConfigurationPlatforms) = postSolution
		{625A566B-1E03-4DFD-B970-084411F39986}.Debug|Any CPU.ActiveCfg = Debug|Any CPU
		{625A566B-1E03-4DFD-B970-084411F39986}.Debug|Any CPU.Build.0 = Debug|Any CPU
		{625A566B-1E03-4DFD-B970-084411F39986}.Release|Any CPU.ActiveCfg = Release|Any CPU
		{625A566B-1E03-4DFD-B970-084411F39986}.Release|Any CPU.Build.0 = Release|Any CPU
	EndGlobalSection
	GlobalSection(SolutionProperties) = preSolution
		HideSolutionNode = FALSE
	EndGlobalSection
	GlobalSection(NestedProjects) = preSolution
		{625A566B-1E03-4DFD-B970-084411F39986} = {2FD731FA-E871-4213-B23A-6CE5FDD417E1}
	EndGlobalSection
	GlobalSection(ExtensibilityGlobals) = postSolution
		SolutionGuid = {9AB68F15-5A4F-4282-94D4-8235070EB742}
	EndGlobalSection
EndGlobal
